
Microsoft Visual Studio Solution File, Format Version 12.00
# Visual Studio Version 17
VisualStudioVersion = 17.13.35828.75 d17.13
MinimumVisualStudioVersion = 10.0.40219.1
Project("{FAE04EC0-301F-11D3-BF4B-00C04F79EFBC}") = "Human", "Human\Human.csproj", "{5B80F0C4-941E-4307-94B4-D279555E8EDD}"
EndProject
Global
	GlobalSection(SolutionConfigurationPlatforms) = preSolution
		Debug|Any CPU = Debug|Any CPU
		Release|Any CPU = Release|Any CPU
	EndGlobalSection
	GlobalSection(ProjectConfigurationPlatforms) = postSolution
		{5B80F0C4-941E-4307-94B4-D279555E8EDD}.Debug|Any CPU.ActiveCfg = Debug|Any CPU
		{5B80F0C4-941E-4307-94B4-D279555E8EDD}.Debug|Any CPU.Build.0 = Debug|Any CPU
		{5B80F0C4-941E-4307-94B4-D279555E8EDD}.Release|Any CPU.ActiveCfg = Release|Any CPU
		{5B80F0C4-941E-4307-94B4-D279555E8EDD}.Release|Any CPU.Build.0 = Release|Any CPU
	EndGlobalSection
	GlobalSection(SolutionProperties) = preSolution
		HideSolutionNode = FALSE
	EndGlobalSection
	GlobalSection(ExtensibilityGlobals) = postSolution
		SolutionGuid = {6D507380-EF73-46F9-8140-C9A5BF207929}
	EndGlobalSection
EndGlobal
